
Microsoft Visual Studio Solution File, Format Version 12.00
# Visual Studio 14
VisualStudioVersion = 14.0.25420.1
MinimumVisualStudioVersion = 10.0.40219.1
Project("{FAE04EC0-301F-11D3-BF4B-00C04F79EFBC}") = "ContestOfChampions.Web", "ContestOfChampions.Web\ContestOfChampions.Web.csproj", "{D257DDC2-466A-4546-B5B9-D5F62D26961D}"
EndProject
Project("{FAE04EC0-301F-11D3-BF4B-00C04F79EFBC}") = "ContestOfChampions.Web.Tests", "ContestOfChampions.Web.Tests\ContestOfChampions.Web.Tests.csproj", "{D6B9A774-8E27-486A-B842-E13ED56C84F3}"
EndProject
Project("{FAE04EC0-301F-11D3-BF4B-00C04F79EFBC}") = "ContestOfChampions.Models", "ContestOfChampions.Models\ContestOfChampions.Models.csproj", "{D3D5BF6F-3230-4B3A-A2F8-C12BD8532967}"
EndProject
Project("{FAE04EC0-301F-11D3-BF4B-00C04F79EFBC}") = "ContestOfChampions.Data", "ContestOfChampions.Data\ContestOfChampions.Data.csproj", "{7B8A044E-70E7-4C94-92E0-E52668D7F66A}"
EndProject
Project("{FAE04EC0-301F-11D3-BF4B-00C04F79EFBC}") = "ContestOfChampions.Services", "ContestOfChampions.Services\ContestOfChampions.Services.csproj", "{7E4D2373-0FAA-4884-BA54-7C3E44D97F76}"
EndProject
Global
	GlobalSection(SolutionConfigurationPlatforms) = preSolution
		Debug|Any CPU = Debug|Any CPU
		Release|Any CPU = Release|Any CPU
	EndGlobalSection
	GlobalSection(ProjectConfigurationPlatforms) = postSolution
		{D257DDC2-466A-4546-B5B9-D5F62D26961D}.Debug|Any CPU.ActiveCfg = Debug|Any CPU
		{D257DDC2-466A-4546-B5B9-D5F62D26961D}.Debug|Any CPU.Build.0 = Debug|Any CPU
		{D257DDC2-466A-4546-B5B9-D5F62D26961D}.Release|Any CPU.ActiveCfg = Release|Any CPU
		{D257DDC2-466A-4546-B5B9-D5F62D26961D}.Release|Any CPU.Build.0 = Release|Any CPU
		{D6B9A774-8E27-486A-B842-E13ED56C84F3}.Debug|Any CPU.ActiveCfg = Debug|Any CPU
		{D6B9A774-8E27-486A-B842-E13ED56C84F3}.Debug|Any CPU.Build.0 = Debug|Any CPU
		{D6B9A774-8E27-486A-B842-E13ED56C84F3}.Release|Any CPU.ActiveCfg = Release|Any CPU
		{D6B9A774-8E27-486A-B842-E13ED56C84F3}.Release|Any CPU.Build.0 = Release|Any CPU
		{D3D5BF6F-3230-4B3A-A2F8-C12BD8532967}.Debug|Any CPU.ActiveCfg = Debug|Any CPU
		{D3D5BF6F-3230-4B3A-A2F8-C12BD8532967}.Debug|Any CPU.Build.0 = Debug|Any CPU
		{D3D5BF6F-3230-4B3A-A2F8-C12BD8532967}.Release|Any CPU.ActiveCfg = Release|Any CPU
		{D3D5BF6F-3230-4B3A-A2F8-C12BD8532967}.Release|Any CPU.Build.0 = Release|Any CPU
		{7B8A044E-70E7-4C94-92E0-E52668D7F66A}.Debug|Any CPU.ActiveCfg = Debug|Any CPU
		{7B8A044E-70E7-4C94-92E0-E52668D7F66A}.Debug|Any CPU.Build.0 = Debug|Any CPU
		{7B8A044E-70E7-4C94-92E0-E52668D7F66A}.Release|Any CPU.ActiveCfg = Release|Any CPU
		{7B8A044E-70E7-4C94-92E0-E52668D7F66A}.Release|Any CPU.Build.0 = Release|Any CPU
		{7E4D2373-0FAA-4884-BA54-7C3E44D97F76}.Debug|Any CPU.ActiveCfg = Debug|Any CPU
		{7E4D2373-0FAA-4884-BA54-7C3E44D97F76}.Debug|Any CPU.Build.0 = Debug|Any CPU
		{7E4D2373-0FAA-4884-BA54-7C3E44D97F76}.Release|Any CPU.ActiveCfg = Release|Any CPU
		{7E4D2373-0FAA-4884-BA54-7C3E44D97F76}.Release|Any CPU.Build.0 = Release|Any CPU
	EndGlobalSection
	GlobalSection(SolutionProperties) = preSolution
		HideSolutionNode = FALSE
	EndGlobalSection
EndGlobal
